
Microsoft Visual Studio Solution File, Format Version 12.00
# Visual Studio Version 16
VisualStudioVersion = 16.0.30907.101
MinimumVisualStudioVersion = 10.0.40219.1
Project("{FAE04EC0-301F-11D3-BF4B-00C04F79EFBC}") = "CarouselContentView.Android", "CarouselContentView\CarouselContentView.Android\CarouselContentView.Android.csproj", "{C3A166A9-493F-4219-B4AE-CF6A6BDA4521}"
EndProject
Project("{FAE04EC0-301F-11D3-BF4B-00C04F79EFBC}") = "CarouselContentView.iOS", "CarouselContentView\CarouselContentView.iOS\CarouselContentView.iOS.csproj", "{C589D6E3-DEF9-4F73-B91D-4644C764DFE6}"
EndProject
Project("{FAE04EC0-301F-11D3-BF4B-00C04F79EFBC}") = "CarouselContentView", "CarouselContentView\CarouselContentView\CarouselContentView.csproj", "{7906AA14-0562-4B6D-907E-BC76069E014F}"
EndProject
Global
	GlobalSection(SolutionConfigurationPlatforms) = preSolution
		Debug|Any CPU = Debug|Any CPU
		Debug|iPhone = Debug|iPhone
		Debug|iPhoneSimulator = Debug|iPhoneSimulator
		Release|Any CPU = Release|Any CPU
		Release|iPhone = Release|iPhone
		Release|iPhoneSimulator = Release|iPhoneSimulator
	EndGlobalSection
	GlobalSection(ProjectConfigurationPlatforms) = postSolution
		{C3A166A9-493F-4219-B4AE-CF6A6BDA4521}.Debug|Any CPU.ActiveCfg = Debug|Any CPU
		{C3A166A9-493F-4219-B4AE-CF6A6BDA4521}.Debug|Any CPU.Build.0 = Debug|Any CPU
		{C3A166A9-493F-4219-B4AE-CF6A6BDA4521}.Debug|Any CPU.Deploy.0 = Debug|Any CPU
		{C3A166A9-493F-4219-B4AE-CF6A6BDA4521}.Debug|iPhone.ActiveCfg = Debug|Any CPU
		{C3A166A9-493F-4219-B4AE-CF6A6BDA4521}.Debug|iPhone.Build.0 = Debug|Any CPU
		{C3A166A9-493F-4219-B4AE-CF6A6BDA4521}.Debug|iPhone.Deploy.0 = Debug|Any CPU
		{C3A166A9-493F-4219-B4AE-CF6A6BDA4521}.Debug|iPhoneSimulator.ActiveCfg = Debug|Any CPU
		{C3A166A9-493F-4219-B4AE-CF6A6BDA4521}.Debug|iPhoneSimulator.Build.0 = Debug|Any CPU
		{C3A166A9-493F-4219-B4AE-CF6A6BDA4521}.Debug|iPhoneSimulator.Deploy.0 = Debug|Any CPU
		{C3A166A9-493F-4219-B4AE-CF6A6BDA4521}.Release|Any CPU.ActiveCfg = Release|Any CPU
		{C3A166A9-493F-4219-B4AE-CF6A6BDA4521}.Release|Any CPU.Build.0 = Release|Any CPU
		{C3A166A9-493F-4219-B4AE-CF6A6BDA4521}.Release|Any CPU.Deploy.0 = Release|Any CPU
		{C3A166A9-493F-4219-B4AE-CF6A6BDA4521}.Release|iPhone.ActiveCfg = Release|Any CPU
		{C3A166A9-493F-4219-B4AE-CF6A6BDA4521}.Release|iPhone.Build.0 = Release|Any CPU
		{C3A166A9-493F-4219-B4AE-CF6A6BDA4521}.Release|iPhone.Deploy.0 = Release|Any CPU
		{C3A166A9-493F-4219-B4AE-CF6A6BDA4521}.Release|iPhoneSimulator.ActiveCfg = Release|Any CPU
		{C3A166A9-493F-4219-B4AE-CF6A6BDA4521}.Release|iPhoneSimulator.Build.0 = Release|Any CPU
		{C3A166A9-493F-4219-B4AE-CF6A6BDA4521}.Release|iPhoneSimulator.Deploy.0 = Release|Any CPU
		{C589D6E3-DEF9-4F73-B91D-4644C764DFE6}.Debug|Any CPU.ActiveCfg = Debug|iPhone
		{C589D6E3-DEF9-4F73-B91D-4644C764DFE6}.Debug|Any CPU.Build.0 = Debug|iPhone
		{C589D6E3-DEF9-4F73-B91D-4644C764DFE6}.Debug|Any CPU.Deploy.0 = Debug|iPhone
		{C589D6E3-DEF9-4F73-B91D-4644C764DFE6}.Debug|iPhone.ActiveCfg = Debug|iPhone
		{C589D6E3-DEF9-4F73-B91D-4644C764DFE6}.Debug|iPhone.Build.0 = Debug|iPhone
		{C589D6E3-DEF9-4F73-B91D-4644C764DFE6}.Debug|iPhone.Deploy.0 = Debug|iPhone
		{C589D6E3-DEF9-4F73-B91D-4644C764DFE6}.Debug|iPhoneSimulator.ActiveCfg = Debug|iPhoneSimulator
		{C589D6E3-DEF9-4F73-B91D-4644C764DFE6}.Debug|iPhoneSimulator.Build.0 = Debug|iPhoneSimulator
		{C589D6E3-DEF9-4F73-B91D-4644C764DFE6}.Debug|iPhoneSimulator.Deploy.0 = Debug|iPhoneSimulator
		{C589D6E3-DEF9-4F73-B91D-4644C764DFE6}.Release|Any CPU.ActiveCfg = Release|iPhoneSimulator
		{C589D6E3-DEF9-4F73-B91D-4644C764DFE6}.Release|Any CPU.Build.0 = Release|iPhoneSimulator
		{C589D6E3-DEF9-4F73-B91D-4644C764DFE6}.Release|Any CPU.Deploy.0 = Release|iPhoneSimulator
		{C589D6E3-DEF9-4F73-B91D-4644C764DFE6}.Release|iPhone.ActiveCfg = Release|iPhone
		{C589D6E3-DEF9-4F73-B91D-4644C764DFE6}.Release|iPhone.Build.0 = Release|iPhone
		{C589D6E3-DEF9-4F73-B91D-4644C764DFE6}.Release|iPhone.Deploy.0 = Release|iPhone
		{C589D6E3-DEF9-4F73-B91D-4644C764DFE6}.Release|iPhoneSimulator.ActiveCfg = Release|iPhoneSimulator
		{C589D6E3-DEF9-4F73-B91D-4644C764DFE6}.Release|iPhoneSimulator.Build.0 = Release|iPhoneSimulator
		{C589D6E3-DEF9-4F73-B91D-4644C764DFE6}.Release|iPhoneSimulator.Deploy.0 = Release|iPhoneSimulator
		{7906AA14-0562-4B6D-907E-BC76069E014F}.Debug|Any CPU.ActiveCfg = Debug|Any CPU
		{7906AA14-0562-4B6D-907E-BC76069E014F}.Debug|Any CPU.Build.0 = Debug|Any CPU
		{7906AA14-0562-4B6D-907E-BC76069E014F}.Debug|Any CPU.Deploy.0 = Debug|Any CPU
		{7906AA14-0562-4B6D-907E-BC76069E014F}.Debug|iPhone.ActiveCfg = Debug|Any CPU
		{7906AA14-0562-4B6D-907E-BC76069E014F}.Debug|iPhone.Build.0 = Debug|Any CPU
		{7906AA14-0562-4B6D-907E-BC76069E014F}.Debug|iPhone.Deploy.0 = Debug|Any CPU
		{7906AA14-0562-4B6D-907E-BC76069E014F}.Debug|iPhoneSimulator.ActiveCfg = Debug|Any CPU
		{7906AA14-0562-4B6D-907E-BC76069E014F}.Debug|iPhoneSimulator.Build.0 = Debug|Any CPU
		{7906AA14-0562-4B6D-907E-BC76069E014F}.Debug|iPhoneSimulator.Deploy.0 = Debug|Any CPU
		{7906AA14-0562-4B6D-907E-BC76069E014F}.Release|Any CPU.ActiveCfg = Release|Any CPU
		{7906AA14-0562-4B6D-907E-BC76069E014F}.Release|Any CPU.Build.0 = Release|Any CPU
		{7906AA14-0562-4B6D-907E-BC76069E014F}.Release|Any CPU.Deploy.0 = Release|Any CPU
		{7906AA14-0562-4B6D-907E-BC76069E014F}.Release|iPhone.ActiveCfg = Release|Any CPU
		{7906AA14-0562-4B6D-907E-BC76069E014F}.Release|iPhone.Build.0 = Release|Any CPU
		{7906AA14-0562-4B6D-907E-BC76069E014F}.Release|iPhone.Deploy.0 = Release|Any CPU
		{7906AA14-0562-4B6D-907E-BC76069E014F}.Release|iPhoneSimulator.ActiveCfg = Release|Any CPU
		{7906AA14-0562-4B6D-907E-BC76069E014F}.Release|iPhoneSimulator.Build.0 = Release|Any CPU
		{7906AA14-0562-4B6D-907E-BC76069E014F}.Release|iPhoneSimulator.Deploy.0 = Release|Any CPU
	EndGlobalSection
	GlobalSection(SolutionProperties) = preSolution
		HideSolutionNode = FALSE
	EndGlobalSection
	GlobalSection(ExtensibilityGlobals) = postSolution
		SolutionGuid = {BDD21490-64BC-4B61-BB16-B3D38EA20C1B}
	EndGlobalSection
EndGlobal
